
Microsoft Visual Studio Solution File, Format Version 12.00
# Visual Studio Version 17
VisualStudioVersion = 17.9.34622.214
MinimumVisualStudioVersion = 10.0.40219.1
Project("{FAE04EC0-301F-11D3-BF4B-00C04F79EFBC}") = "invenory", "invenory\invenory.csproj", "{6C9DF35C-0F28-46F9-B426-DD6096CF79D5}"
EndProject
Global
	GlobalSection(SolutionConfigurationPlatforms) = preSolution
		Debug|Any CPU = Debug|Any CPU
		Release|Any CPU = Release|Any CPU
	EndGlobalSection
	GlobalSection(ProjectConfigurationPlatforms) = postSolution
		{6C9DF35C-0F28-46F9-B426-DD6096CF79D5}.Debug|Any CPU.ActiveCfg = Debug|Any CPU
		{6C9DF35C-0F28-46F9-B426-DD6096CF79D5}.Debug|Any CPU.Build.0 = Debug|Any CPU
		{6C9DF35C-0F28-46F9-B426-DD6096CF79D5}.Release|Any CPU.ActiveCfg = Release|Any CPU
		{6C9DF35C-0F28-46F9-B426-DD6096CF79D5}.Release|Any CPU.Build.0 = Release|Any CPU
	EndGlobalSection
	GlobalSection(SolutionProperties) = preSolution
		HideSolutionNode = FALSE
	EndGlobalSection
	GlobalSection(ExtensibilityGlobals) = postSolution
		SolutionGuid = {BD9D09A2-7BB9-4F15-B371-E7DCBCED72F0}
	EndGlobalSection
EndGlobal
